
Microsoft Visual Studio Solution File, Format Version 12.00
# Visual Studio 15
VisualStudioVersion = 15.0.28307.329
MinimumVisualStudioVersion = 10.0.40219.1
Project("{9A19103F-16F7-4668-BE54-9A1E7A4F7556}") = "WebApp", "WebApp\WebApp.csproj", "{B4038C91-2269-4AD8-8A45-E1DF9F1F4113}"
EndProject
Project("{FAE04EC0-301F-11D3-BF4B-00C04F79EFBC}") = "TechBrain", "TechBrain\TechBrain.csproj", "{F8E195C6-6EAE-4951-A719-023A66A8DAF0}"
EndProject
Project("{FAE04EC0-301F-11D3-BF4B-00C04F79EFBC}") = "ConsoleTest", "ConsoleTest\ConsoleTest.csproj", "{63679895-5C3F-4056-88B3-7AF6AB258A9D}"
EndProject
Project("{FAE04EC0-301F-11D3-BF4B-00C04F79EFBC}") = "ConsoleLauncher", "ConsoleLauncher\ConsoleLauncher.csproj", "{2AC50DD5-D36D-44E9-B6F2-C097E94F73E3}"
EndProject
Global
	GlobalSection(SolutionConfigurationPlatforms) = preSolution
		Debug|Any CPU = Debug|Any CPU
		Release|Any CPU = Release|Any CPU
	EndGlobalSection
	GlobalSection(ProjectConfigurationPlatforms) = postSolution
		{B4038C91-2269-4AD8-8A45-E1DF9F1F4113}.Debug|Any CPU.ActiveCfg = Debug|Any CPU
		{B4038C91-2269-4AD8-8A45-E1DF9F1F4113}.Debug|Any CPU.Build.0 = Debug|Any CPU
		{B4038C91-2269-4AD8-8A45-E1DF9F1F4113}.Release|Any CPU.ActiveCfg = Release|Any CPU
		{B4038C91-2269-4AD8-8A45-E1DF9F1F4113}.Release|Any CPU.Build.0 = Release|Any CPU
		{F8E195C6-6EAE-4951-A719-023A66A8DAF0}.Debug|Any CPU.ActiveCfg = Debug|Any CPU
		{F8E195C6-6EAE-4951-A719-023A66A8DAF0}.Debug|Any CPU.Build.0 = Debug|Any CPU
		{F8E195C6-6EAE-4951-A719-023A66A8DAF0}.Release|Any CPU.ActiveCfg = Release|Any CPU
		{F8E195C6-6EAE-4951-A719-023A66A8DAF0}.Release|Any CPU.Build.0 = Release|Any CPU
		{63679895-5C3F-4056-88B3-7AF6AB258A9D}.Debug|Any CPU.ActiveCfg = Debug|Any CPU
		{63679895-5C3F-4056-88B3-7AF6AB258A9D}.Debug|Any CPU.Build.0 = Debug|Any CPU
		{63679895-5C3F-4056-88B3-7AF6AB258A9D}.Release|Any CPU.ActiveCfg = Release|Any CPU
		{63679895-5C3F-4056-88B3-7AF6AB258A9D}.Release|Any CPU.Build.0 = Release|Any CPU
		{2AC50DD5-D36D-44E9-B6F2-C097E94F73E3}.Debug|Any CPU.ActiveCfg = Debug|Any CPU
		{2AC50DD5-D36D-44E9-B6F2-C097E94F73E3}.Debug|Any CPU.Build.0 = Debug|Any CPU
		{2AC50DD5-D36D-44E9-B6F2-C097E94F73E3}.Release|Any CPU.ActiveCfg = Release|Any CPU
		{2AC50DD5-D36D-44E9-B6F2-C097E94F73E3}.Release|Any CPU.Build.0 = Release|Any CPU
	EndGlobalSection
	GlobalSection(SolutionProperties) = preSolution
		HideSolutionNode = FALSE
	EndGlobalSection
	GlobalSection(ExtensibilityGlobals) = postSolution
		SolutionGuid = {3EC9B798-6784-451A-A232-A8D6217389A6}
	EndGlobalSection
EndGlobal
